<?xml version="1.0" encoding="utf-8"?>
<Project ToolsVersion="4.0" xmlns="http://schemas.microsoft.com/developer/msbuild/2003">
  <ItemGroup>
    <Filter Include="Fluffy">
      <UniqueIdentifier>{115F0CB3-FD00-3789-E6BB-4ADDD2FCBDD9}</UniqueIdentifier>
    </Filter>
  </ItemGroup>
  <ItemGroup>
    <ClInclude Include="src\Fluffy.h" />
    <ClInclude Include="src\Fluffy\Application.h">
      <Filter>Fluffy</Filter>
    </ClInclude>
    <ClInclude Include="src\Fluffy\Core.h">
      <Filter>Fluffy</Filter>
    </ClInclude>
    <ClInclude Include="src\Fluffy\EntryPoint.h">
      <Filter>Fluffy</Filter>
    </ClInclude>
    <ClInclude Include="src\Fluffy\Log.h">
      <Filter>Fluffy</Filter>
    </ClInclude>
  </ItemGroup>
  <ItemGroup>
    <ClCompile Include="src\Fluffy\Application.cpp">
      <Filter>Fluffy</Filter>
    </ClCompile>
    <ClCompile Include="src\Fluffy\Core.cpp">
      <Filter>Fluffy</Filter>
    </ClCompile>
    <ClCompile Include="src\Fluffy\Log.cpp">
      <Filter>Fluffy</Filter>
    </ClCompile>
  </ItemGroup>
</Project>